
Microsoft Visual Studio Solution File, Format Version 12.00
# Visual Studio Version 17
VisualStudioVersion = 17.14.36915.13 d17.14
MinimumVisualStudioVersion = 10.0.40219.1
Project("{FAE04EC0-301F-11D3-BF4B-00C04F79EFBC}") = "DemoCICD", "DemoCICD\DemoCICD.csproj", "{9F0AF5E9-39F7-4C74-80CE-D17DD8FB7B49}"
EndProject
Global
	GlobalSection(SolutionConfigurationPlatforms) = preSolution
		Debug|Any CPU = Debug|Any CPU
		Release|Any CPU = Release|Any CPU
	EndGlobalSection
	GlobalSection(ProjectConfigurationPlatforms) = postSolution
		{9F0AF5E9-39F7-4C74-80CE-D17DD8FB7B49}.Debug|Any CPU.ActiveCfg = Debug|Any CPU
		{9F0AF5E9-39F7-4C74-80CE-D17DD8FB7B49}.Debug|Any CPU.Build.0 = Debug|Any CPU
		{9F0AF5E9-39F7-4C74-80CE-D17DD8FB7B49}.Release|Any CPU.ActiveCfg = Release|Any CPU
		{9F0AF5E9-39F7-4C74-80CE-D17DD8FB7B49}.Release|Any CPU.Build.0 = Release|Any CPU
	EndGlobalSection
	GlobalSection(SolutionProperties) = preSolution
		HideSolutionNode = FALSE
	EndGlobalSection
	GlobalSection(ExtensibilityGlobals) = postSolution
		SolutionGuid = {DEACDF1A-4A05-40C8-A179-3EECEE71F39F}
	EndGlobalSection
EndGlobal
